
Microsoft Visual Studio Solution File, Format Version 12.00
# Visual Studio Version 17
VisualStudioVersion = 17.14.36408.4 d17.14
MinimumVisualStudioVersion = 10.0.40219.1
Project("{FAE04EC0-301F-11D3-BF4B-00C04F79EFBC}") = "ConsoleAppAzureBlobStorage", "ConsoleAppAzureBlobStorage.csproj", "{437DD3AD-CA0D-B9F1-F732-D21EB2844894}"
EndProject
Global
	GlobalSection(SolutionConfigurationPlatforms) = preSolution
		Debug|Any CPU = Debug|Any CPU
		Release|Any CPU = Release|Any CPU
	EndGlobalSection
	GlobalSection(ProjectConfigurationPlatforms) = postSolution
		{437DD3AD-CA0D-B9F1-F732-D21EB2844894}.Debug|Any CPU.ActiveCfg = Debug|Any CPU
		{437DD3AD-CA0D-B9F1-F732-D21EB2844894}.Debug|Any CPU.Build.0 = Debug|Any CPU
		{437DD3AD-CA0D-B9F1-F732-D21EB2844894}.Release|Any CPU.ActiveCfg = Release|Any CPU
		{437DD3AD-CA0D-B9F1-F732-D21EB2844894}.Release|Any CPU.Build.0 = Release|Any CPU
	EndGlobalSection
	GlobalSection(SolutionProperties) = preSolution
		HideSolutionNode = FALSE
	EndGlobalSection
	GlobalSection(ExtensibilityGlobals) = postSolution
		SolutionGuid = {2893732A-3E7D-427D-88DF-265BB8964760}
	EndGlobalSection
EndGlobal
